# generated by rye
# use `rye lock` or `rye sync` to update this lockfile
#
# last locked with the following flags:
#   pre: false
#   features: []
#   all-features: false
#   with-sources: false
#   generate-hashes: false
#   universal: false

-e file:.
absl-py==2.1.0
    # via ortools
annotated-types==0.7.0
    # via pydantic
immutabledict==4.2.0
    # via ortools
numpy==2.1.0
    # via ortools
    # via pandas
ortools==9.10.4067
    # via minesweeper-solver-14
pandas==2.2.2
    # via ortools
protobuf==5.27.3
    # via ortools
pydantic==2.8.2
    # via minesweeper-solver-14
pydantic-core==2.20.1
    # via pydantic
python-dateutil==2.9.0.post0
    # via pandas
pytz==2024.1
    # via pandas
six==1.16.0
    # via python-dateutil
typing-extensions==4.12.2
    # via pydantic
    # via pydantic-core
tzdata==2024.1
    # via pandas
